
Microsoft Visual Studio Solution File, Format Version 12.00
# Visual Studio Version 17
VisualStudioVersion = 17.11.35312.102
MinimumVisualStudioVersion = 10.0.40219.1
Project("{FAE04EC0-301F-11D3-BF4B-00C04F79EFBC}") = "SpecialCharacterCounterApp", "Unit-tests\SpecialCharacterCounterApp.csproj", "{E23086F3-0DD1-43FC-A52E-5E36520ED4FA}"
EndProject
Project("{FAE04EC0-301F-11D3-BF4B-00C04F79EFBC}") = "TestProjectForCounter2", "TestProjectForCounter2\TestProjectForCounter2.csproj", "{D00B3703-CB78-4536-8BBA-0D2B3B1EF504}"
EndProject
Global
	GlobalSection(SolutionConfigurationPlatforms) = preSolution
		Debug|Any CPU = Debug|Any CPU
		Release|Any CPU = Release|Any CPU
	EndGlobalSection
	GlobalSection(ProjectConfigurationPlatforms) = postSolution
		{E23086F3-0DD1-43FC-A52E-5E36520ED4FA}.Debug|Any CPU.ActiveCfg = Debug|Any CPU
		{E23086F3-0DD1-43FC-A52E-5E36520ED4FA}.Debug|Any CPU.Build.0 = Debug|Any CPU
		{E23086F3-0DD1-43FC-A52E-5E36520ED4FA}.Release|Any CPU.ActiveCfg = Release|Any CPU
		{E23086F3-0DD1-43FC-A52E-5E36520ED4FA}.Release|Any CPU.Build.0 = Release|Any CPU
		{D00B3703-CB78-4536-8BBA-0D2B3B1EF504}.Debug|Any CPU.ActiveCfg = Debug|Any CPU
		{D00B3703-CB78-4536-8BBA-0D2B3B1EF504}.Debug|Any CPU.Build.0 = Debug|Any CPU
		{D00B3703-CB78-4536-8BBA-0D2B3B1EF504}.Release|Any CPU.ActiveCfg = Release|Any CPU
		{D00B3703-CB78-4536-8BBA-0D2B3B1EF504}.Release|Any CPU.Build.0 = Release|Any CPU
	EndGlobalSection
	GlobalSection(SolutionProperties) = preSolution
		HideSolutionNode = FALSE
	EndGlobalSection
	GlobalSection(ExtensibilityGlobals) = postSolution
		SolutionGuid = {42A815BA-EEEF-42DA-9BC5-A3B5E318BAFC}
	EndGlobalSection
EndGlobal
